// !$*UTF8*$!
{
	archiveVersion = 1;
	classes = {
	};
	objectVersion = 48;
	objects = {

/* Begin PBXBuildFile section */
		3C33DB2120597D2A00B0E135 /* AppDelegate.swift in Sources */ = {isa = PBXBuildFile; fileRef = 3C33DB2020597D2A00B0E135 /* AppDelegate.swift */; };
		3C33DB2320597D2B00B0E135 /* ViewController.swift in Sources */ = {isa = PBXBuildFile; fileRef = 3C33DB2220597D2B00B0E135 /* ViewController.swift */; };
		3C33DB2620597D2B00B0E135 /* Main.storyboard in Resources */ = {isa = PBXBuildFile; fileRef = 3C33DB2420597D2B00B0E135 /* Main.storyboard */; };
		3C33DB2820597D2B00B0E135 /* Assets.xcassets in Resources */ = {isa = PBXBuildFile; fileRef = 3C33DB2720597D2B00B0E135 /* Assets.xcassets */; };
		3C33DB2B20597D2B00B0E135 /* LaunchScreen.storyboard in Resources */ = {isa = PBXBuildFile; fileRef = 3C33DB2920597D2B00B0E135 /* LaunchScreen.storyboard */; };
		3C33DB3320597E4A00B0E135 /* DetailViewController.swift in Sources */ = {isa = PBXBuildFile; fileRef = 3C33DB3220597E4A00B0E135 /* DetailViewController.swift */; };
		3C33DB3520597E6A00B0E135 /* FavoritesTableViewController.swift in Sources */ = {isa = PBXBuildFile; fileRef = 3C33DB3420597E6A00B0E135 /* FavoritesTableViewController.swift */; };
		3C33DB3720597E7700B0E135 /* SearchTableViewController.swift in Sources */ = {isa = PBXBuildFile; fileRef = 3C33DB3620597E7700B0E135 /* SearchTableViewController.swift */; };
		3C33DB3B205A823400B0E135 /* FavoritesTableViewCell.swift in Sources */ = {isa = PBXBuildFile; fileRef = 3C33DB3A205A823400B0E135 /* FavoritesTableViewCell.swift */; };
		3CDD189F205AD8A500907F03 /* DBHelper.swift in Sources */ = {isa = PBXBuildFile; fileRef = 3CDD189E205AD8A500907F03 /* DBHelper.swift */; };
		3CED7783205BCF0C00CD36B9 /* SearchTableViewCell.swift in Sources */ = {isa = PBXBuildFile; fileRef = 3CED7782205BCF0C00CD36B9 /* SearchTableViewCell.swift */; };
/* End PBXBuildFile section */

/* Begin PBXFileReference section */
		3C33DB1D20597D2A00B0E135 /* weather.app */ = {isa = PBXFileReference; explicitFileType = wrapper.application; includeInIndex = 0; path = weather.app; sourceTree = BUILT_PRODUCTS_DIR; };
		3C33DB2020597D2A00B0E135 /* AppDelegate.swift */ = {isa = PBXFileReference; lastKnownFileType = sourcecode.swift; path = AppDelegate.swift; sourceTree = "<group>"; };
		3C33DB2220597D2B00B0E135 /* ViewController.swift */ = {isa = PBXFileReference; lastKnownFileType = sourcecode.swift; path = ViewController.swift; sourceTree = "<group>"; };
		3C33DB2520597D2B00B0E135 /* Base */ = {isa = PBXFileReference; lastKnownFileType = file.storyboard; name = Base; path = Base.lproj/Main.storyboard; sourceTree = "<group>"; };
		3C33DB2720597D2B00B0E135 /* Assets.xcassets */ = {isa = PBXFileReference; lastKnownFileType = folder.assetcatalog; path = Assets.xcassets; sourceTree = "<group>"; };
		3C33DB2A20597D2B00B0E135 /* Base */ = {isa = PBXFileReference; lastKnownFileType = file.storyboard; name = Base; path = Base.lproj/LaunchScreen.storyboard; sourceTree = "<group>"; };
		3C33DB2C20597D2B00B0E135 /* Info.plist */ = {isa = PBXFileReference; lastKnownFileType = text.plist.xml; path = Info.plist; sourceTree = "<group>"; };
		3C33DB3220597E4A00B0E135 /* DetailViewController.swift */ = {isa = PBXFileReference; lastKnownFileType = sourcecode.swift; path = DetailViewController.swift; sourceTree = "<group>"; };
		3C33DB3420597E6A00B0E135 /* FavoritesTableViewController.swift */ = {isa = PBXFileReference; lastKnownFileType = sourcecode.swift; path = FavoritesTableViewController.swift; sourceTree = "<group>"; };
		3C33DB3620597E7700B0E135 /* SearchTableViewController.swift */ = {isa = PBXFileReference; lastKnownFileType = sourcecode.swift; path = SearchTableViewController.swift; sourceTree = "<group>"; };
		3C33DB3A205A823400B0E135 /* FavoritesTableViewCell.swift */ = {isa = PBXFileReference; lastKnownFileType = sourcecode.swift; path = FavoritesTableViewCell.swift; sourceTree = "<group>"; };
		3CDD189E205AD8A500907F03 /* DBHelper.swift */ = {isa = PBXFileReference; lastKnownFileType = sourcecode.swift; path = DBHelper.swift; sourceTree = "<group>"; };
		3CED7782205BCF0C00CD36B9 /* SearchTableViewCell.swift */ = {isa = PBXFileReference; lastKnownFileType = sourcecode.swift; path = SearchTableViewCell.swift; sourceTree = "<group>"; };
/* End PBXFileReference section */

/* Begin PBXFrameworksBuildPhase section */
		3C33DB1A20597D2A00B0E135 /* Frameworks */ = {
			isa = PBXFrameworksBuildPhase;
			buildActionMask = 2147483647;
			files = (
			);
			runOnlyForDeploymentPostprocessing = 0;
		};
/* End PBXFrameworksBuildPhase section */

/* Begin PBXGroup section */
		3C33DB1420597D2A00B0E135 = {
			isa = PBXGroup;
			children = (
				3C33DB1F20597D2A00B0E135 /* weather */,
				3C33DB1E20597D2A00B0E135 /* Products */,
			);
			sourceTree = "<group>";
		};
		3C33DB1E20597D2A00B0E135 /* Products */ = {
			isa = PBXGroup;
			children = (
				3C33DB1D20597D2A00B0E135 /* weather.app */,
			);
			name = Products;
			sourceTree = "<group>";
		};
		3C33DB1F20597D2A00B0E135 /* weather */ = {
			isa = PBXGroup;
			children = (
				3C33DB2020597D2A00B0E135 /* AppDelegate.swift */,
				3C33DB2220597D2B00B0E135 /* ViewController.swift */,
				3C33DB2420597D2B00B0E135 /* Main.storyboard */,
				3C33DB2720597D2B00B0E135 /* Assets.xcassets */,
				3C33DB2920597D2B00B0E135 /* LaunchScreen.storyboard */,
				3C33DB2C20597D2B00B0E135 /* Info.plist */,
				3C33DB3220597E4A00B0E135 /* DetailViewController.swift */,
				3C33DB3420597E6A00B0E135 /* FavoritesTableViewController.swift */,
				3C33DB3620597E7700B0E135 /* SearchTableViewController.swift */,
				3C33DB3A205A823400B0E135 /* FavoritesTableViewCell.swift */,
				3CDD189E205AD8A500907F03 /* DBHelper.swift */,
				3CED7782205BCF0C00CD36B9 /* SearchTableViewCell.swift */,
			);
			path = weather;
			sourceTree = "<group>";
		};
/* End PBXGroup section */

/* Begin PBXNativeTarget section */
		3C33DB1C20597D2A00B0E135 /* weather */ = {
			isa = PBXNativeTarget;
			buildConfigurationList = 3C33DB2F20597D2B00B0E135 /* Build configuration list for PBXNativeTarget "weather" */;
			buildPhases = (
				3C33DB1920597D2A00B0E135 /* Sources */,
				3C33DB1A20597D2A00B0E135 /* Frameworks */,
				3C33DB1B20597D2A00B0E135 /* Resources */,
			);
			buildRules = (
			);
			dependencies = (
			);
			name = weather;
			productName = weather;
			productReference = 3C33DB1D20597D2A00B0E135 /* weather.app */;
			productType = "com.apple.product-type.application";
		};
/* End PBXNativeTarget section */

/* Begin PBXProject section */
		3C33DB1520597D2A00B0E135 /* Project object */ = {
			isa = PBXProject;
			attributes = {
				LastSwiftUpdateCheck = 0920;
				LastUpgradeCheck = 0920;
				ORGANIZATIONNAME = "Mimi Lundberg";
				TargetAttributes = {
					3C33DB1C20597D2A00B0E135 = {
						CreatedOnToolsVersion = 9.2;
						ProvisioningStyle = Automatic;
					};
				};
			};
			buildConfigurationList = 3C33DB1820597D2A00B0E135 /* Build configuration list for PBXProject "weather" */;
			compatibilityVersion = "Xcode 8.0";
			developmentRegion = en;
			hasScannedForEncodings = 0;
			knownRegions = (
				en,
				Base,
			);
			mainGroup = 3C33DB1420597D2A00B0E135;
			productRefGroup = 3C33DB1E20597D2A00B0E135 /* Products */;
			projectDirPath = "";
			projectRoot = "";
			targets = (
				3C33DB1C20597D2A00B0E135 /* weather */,
			);
		};
/* End PBXProject section */

/* Begin PBXResourcesBuildPhase section */
		3C33DB1B20597D2A00B0E135 /* Resources */ = {
			isa = PBXResourcesBuildPhase;
			buildActionMask = 2147483647;
			files = (
				3C33DB2B20597D2B00B0E135 /* LaunchScreen.storyboard in Resources */,
				3C33DB2820597D2B00B0E135 /* Assets.xcassets in Resources */,
				3C33DB2620597D2B00B0E135 /* Main.storyboard in Resources */,
			);
			runOnlyForDeploymentPostprocessing = 0;
		};
/* End PBXResourcesBuildPhase section */

/* Begin PBXSourcesBuildPhase section */
		3C33DB1920597D2A00B0E135 /* Sources */ = {
			isa = PBXSourcesBuildPhase;
			buildActionMask = 2147483647;
			files = (
				3C33DB3320597E4A00B0E135 /* DetailViewController.swift in Sources */,
				3C33DB3B205A823400B0E135 /* FavoritesTableViewCell.swift in Sources */,
				3C33DB2320597D2B00B0E135 /* ViewController.swift in Sources */,
				3CDD189F205AD8A500907F03 /* DBHelper.swift in Sources */,
				3C33DB3720597E7700B0E135 /* SearchTableViewController.swift in Sources */,
				3CED7783205BCF0C00CD36B9 /* SearchTableViewCell.swift in Sources */,
				3C33DB2120597D2A00B0E135 /* AppDelegate.swift in Sources */,
				3C33DB3520597E6A00B0E135 /* FavoritesTableViewController.swift in Sources */,
			);
			runOnlyForDeploymentPostprocessing = 0;
		};
/* End PBXSourcesBuildPhase section */

/* Begin PBXVariantGroup section */
		3C33DB2420597D2B00B0E135 /* Main.storyboard */ = {
			isa = PBXVariantGroup;
			children = (
				3C33DB2520597D2B00B0E135 /* Base */,
			);
			name = Main.storyboard;
			sourceTree = "<group>";
		};
		3C33DB2920597D2B00B0E135 /* LaunchScreen.storyboard */ = {
			isa = PBXVariantGroup;
			children = (
				3C33DB2A20597D2B00B0E135 /* Base */,
			);
			name = LaunchScreen.storyboard;
			sourceTree = "<group>";
		};
/* End PBXVariantGroup section */

/* Begin XCBuildConfiguration section */
		3C33DB2D20597D2B00B0E135 /* Debug */ = {
			isa = XCBuildConfiguration;
			buildSettings = {
				ALWAYS_SEARCH_USER_PATHS = NO;
				CLANG_ANALYZER_NONNULL = YES;
				CLANG_ANALYZER_NUMBER_OBJECT_CONVERSION = YES_AGGRESSIVE;
				CLANG_CXX_LANGUAGE_STANDARD = "gnu++14";
				CLANG_CXX_LIBRARY = "libc++";
				CLANG_ENABLE_MODULES = YES;
				CLANG_ENABLE_OBJC_ARC = YES;
				CLANG_WARN_BLOCK_CAPTURE_AUTORELEASING = YES;
				CLANG_WARN_BOOL_CONVERSION = YES;
				CLANG_WARN_COMMA = YES;
				CLANG_WARN_CONSTANT_CONVERSION = YES;
				CLANG_WARN_DIRECT_OBJC_ISA_USAGE = YES_ERROR;
				CLANG_WARN_DOCUMENTATION_COMMENTS = YES;
				CLANG_WARN_EMPTY_BODY = YES;
				CLANG_WARN_ENUM_CONVERSION = YES;
				CLANG_WARN_INFINITE_RECURSION = YES;
				CLANG_WARN_INT_CONVERSION = YES;
				CLANG_WARN_NON_LITERAL_NULL_CONVERSION = YES;
				CLANG_WARN_OBJC_LITERAL_CONVERSION = YES;
				CLANG_WARN_OBJC_ROOT_CLASS = YES_ERROR;
				CLANG_WARN_RANGE_LOOP_ANALYSIS = YES;
				CLANG_WARN_STRICT_PROTOTYPES = YES;
				CLANG_WARN_SUSPICIOUS_MOVE = YES;
				CLANG_WARN_UNGUARDED_AVAILABILITY = YES_AGGRESSIVE;
				CLANG_WARN_UNREACHABLE_CODE = YES;
				CLANG_WARN__DUPLICATE_METHOD_MATCH = YES;
				CODE_SIGN_IDENTITY = "iPhone Developer";
				COPY_PHASE_STRIP = NO;
				DEBUG_INFORMATION_FORMAT = dwarf;
				ENABLE_STRICT_OBJC_MSGSEND = YES;
				ENABLE_TESTABILITY = YES;
				GCC_C_LANGUAGE_STANDARD = gnu11;
				GCC_DYNAMIC_NO_PIC = NO;
				GCC_NO_COMMON_BLOCKS = YES;
				GCC_OPTIMIZATION_LEVEL = 0;
				GCC_PREPROCESSOR_DEFINITIONS = (
					"DEBUG=1",
					"$(inherited)",
				);
				GCC_WARN_64_TO_32_BIT_CONVERSION = YES;
				GCC_WARN_ABOUT_RETURN_TYPE = YES_ERROR;
				GCC_WARN_UNDECLARED_SELECTOR = YES;
				GCC_WARN_UNINITIALIZED_AUTOS = YES_AGGRESSIVE;
				GCC_WARN_UNUSED_FUNCTION = YES;
				GCC_WARN_UNUSED_VARIABLE = YES;
				IPHONEOS_DEPLOYMENT_TARGET = 11.2;
				MTL_ENABLE_DEBUG_INFO = YES;
				ONLY_ACTIVE_ARCH = YES;
				SDKROOT = iphoneos;
				SWIFT_ACTIVE_COMPILATION_CONDITIONS = DEBUG;
				SWIFT_OPTIMIZATION_LEVEL = "-Onone";
			};
			name = Debug;
		};
		3C33DB2E20597D2B00B0E135 /* Release */ = {
			isa = XCBuildConfiguration;
			buildSettings = {
				ALWAYS_SEARCH_USER_PATHS = NO;
				CLANG_ANALYZER_NONNULL = YES;
				CLANG_ANALYZER_NUMBER_OBJECT_CONVERSION = YES_AGGRESSIVE;
				CLANG_CXX_LANGUAGE_STANDARD = "gnu++14";
				CLANG_CXX_LIBRARY = "libc++";
				CLANG_ENABLE_MODULES = YES;
				CLANG_ENABLE_OBJC_ARC = YES;
				CLANG_WARN_BLOCK_CAPTURE_AUTORELEASING = YES;
				CLANG_WARN_BOOL_CONVERSION = YES;
				CLANG_WARN_COMMA = YES;
				CLANG_WARN_CONSTANT_CONVERSION = YES;
				CLANG_WARN_DIRECT_OBJC_ISA_USAGE = YES_ERROR;
				CLANG_WARN_DOCUMENTATION_COMMENTS = YES;
				CLANG_WARN_EMPTY_BODY = YES;
				CLANG_WARN_ENUM_CONVERSION = YES;
				CLANG_WARN_INFINITE_RECURSION = YES;
				CLANG_WARN_INT_CONVERSION = YES;
				CLANG_WARN_NON_LITERAL_NULL_CONVERSION = YES;
				CLANG_WARN_OBJC_LITERAL_CONVERSION = YES;
				CLANG_WARN_OBJC_ROOT_CLASS = YES_ERROR;
				CLANG_WARN_RANGE_LOOP_ANALYSIS = YES;
				CLANG_WARN_STRICT_PROTOTYPES = YES;
				CLANG_WARN_SUSPICIOUS_MOVE = YES;
				CLANG_WARN_UNGUARDED_AVAILABILITY = YES_AGGRESSIVE;
				CLANG_WARN_UNREACHABLE_CODE = YES;
				CLANG_WARN__DUPLICATE_METHOD_MATCH = YES;
				CODE_SIGN_IDENTITY = "iPhone Developer";
				COPY_PHASE_STRIP = NO;
				DEBUG_INFORMATION_FORMAT = "dwarf-with-dsym";
				ENABLE_NS_ASSERTIONS = NO;
				ENABLE_STRICT_OBJC_MSGSEND = YES;
				GCC_C_LANGUAGE_STANDARD = gnu11;
				GCC_NO_COMMON_BLOCKS = YES;
				GCC_WARN_64_TO_32_BIT_CONVERSION = YES;
				GCC_WARN_ABOUT_RETURN_TYPE = YES_ERROR;
				GCC_WARN_UNDECLARED_SELECTOR = YES;
				GCC_WARN_UNINITIALIZED_AUTOS = YES_AGGRESSIVE;
				GCC_WARN_UNUSED_FUNCTION = YES;
				GCC_WARN_UNUSED_VARIABLE = YES;
				IPHONEOS_DEPLOYMENT_TARGET = 11.2;
				MTL_ENABLE_DEBUG_INFO = NO;
				SDKROOT = iphoneos;
				SWIFT_OPTIMIZATION_LEVEL = "-Owholemodule";
				VALIDATE_PRODUCT = YES;
			};
			name = Release;
		};
		3C33DB3020597D2B00B0E135 /* Debug */ = {
			isa = XCBuildConfiguration;
			buildSettings = {
				ASSETCATALOG_COMPILER_APPICON_NAME = AppIcon;
				CODE_SIGN_STYLE = Automatic;
				DEVELOPMENT_TEAM = 5EM7AD6ABD;
				INFOPLIST_FILE = weather/Info.plist;
				LD_RUNPATH_SEARCH_PATHS = "$(inherited) @executable_path/Frameworks";
				PRODUCT_BUNDLE_IDENTIFIER = ML.weather;
				PRODUCT_NAME = "$(TARGET_NAME)";
				SWIFT_VERSION = 4.0;
				TARGETED_DEVICE_FAMILY = "1,2";
			};
			name = Debug;
		};
		3C33DB3120597D2B00B0E135 /* Release */ = {
			isa = XCBuildConfiguration;
			buildSettings = {
				ASSETCATALOG_COMPILER_APPICON_NAME = AppIcon;
				CODE_SIGN_STYLE = Automatic;
				DEVELOPMENT_TEAM = 5EM7AD6ABD;
				INFOPLIST_FILE = weather/Info.plist;
				LD_RUNPATH_SEARCH_PATHS = "$(inherited) @executable_path/Frameworks";
				PRODUCT_BUNDLE_IDENTIFIER = ML.weather;
				PRODUCT_NAME = "$(TARGET_NAME)";
				SWIFT_VERSION = 4.0;
				TARGETED_DEVICE_FAMILY = "1,2";
			};
			name = Release;
		};
/* End XCBuildConfiguration section */

/* Begin XCConfigurationList section */
		3C33DB1820597D2A00B0E135 /* Build configuration list for PBXProject "weather" */ = {
			isa = XCConfigurationList;
			buildConfigurations = (
				3C33DB2D20597D2B00B0E135 /* Debug */,
				3C33DB2E20597D2B00B0E135 /* Release */,
			);
			defaultConfigurationIsVisible = 0;
			defaultConfigurationName = Release;
		};
		3C33DB2F20597D2B00B0E135 /* Build configuration list for PBXNativeTarget "weather" */ = {
			isa = XCConfigurationList;
			buildConfigurations = (
				3C33DB3020597D2B00B0E135 /* Debug */,
				3C33DB3120597D2B00B0E135 /* Release */,
			);
			defaultConfigurationIsVisible = 0;
			defaultConfigurationName = Release;
		};
/* End XCConfigurationList section */
	};
	rootObject = 3C33DB1520597D2A00B0E135 /* Project object */;
}
